
Microsoft Visual Studio Solution File, Format Version 12.00
# Visual Studio 14
VisualStudioVersion = 14.0.23107.0
MinimumVisualStudioVersion = 10.0.40219.1
Project("{FAE04EC0-301F-11D3-BF4B-00C04F79EFBC}") = "CelsiusToFerretHeight", "CelsiusToFerretHeight\CelsiusToFerretHeight.csproj", "{A4449823-17C5-4EEB-B460-CB6C7CD9815E}"
EndProject
Global
	GlobalSection(SolutionConfigurationPlatforms) = preSolution
		Debug|Any CPU = Debug|Any CPU
		Release|Any CPU = Release|Any CPU
	EndGlobalSection
	GlobalSection(ProjectConfigurationPlatforms) = postSolution
		{A4449823-17C5-4EEB-B460-CB6C7CD9815E}.Debug|Any CPU.ActiveCfg = Debug|Any CPU
		{A4449823-17C5-4EEB-B460-CB6C7CD9815E}.Debug|Any CPU.Build.0 = Debug|Any CPU
		{A4449823-17C5-4EEB-B460-CB6C7CD9815E}.Release|Any CPU.ActiveCfg = Release|Any CPU
		{A4449823-17C5-4EEB-B460-CB6C7CD9815E}.Release|Any CPU.Build.0 = Release|Any CPU
	EndGlobalSection
	GlobalSection(SolutionProperties) = preSolution
		HideSolutionNode = FALSE
	EndGlobalSection
EndGlobal
